
Microsoft Visual Studio Solution File, Format Version 12.00
# Visual Studio Version 16
VisualStudioVersion = 16.0.31112.23
MinimumVisualStudioVersion = 10.0.40219.1
Project("{FAE04EC0-301F-11D3-BF4B-00C04F79EFBC}") = "SingletonDemo", "SingletonDemo.csproj", "{3465746E-E278-4F67-86A9-D6A375FCD593}"
EndProject
Global
	GlobalSection(SolutionConfigurationPlatforms) = preSolution
		Debug|Any CPU = Debug|Any CPU
		Release|Any CPU = Release|Any CPU
	EndGlobalSection
	GlobalSection(ProjectConfigurationPlatforms) = postSolution
		{3465746E-E278-4F67-86A9-D6A375FCD593}.Debug|Any CPU.ActiveCfg = Debug|Any CPU
		{3465746E-E278-4F67-86A9-D6A375FCD593}.Debug|Any CPU.Build.0 = Debug|Any CPU
		{3465746E-E278-4F67-86A9-D6A375FCD593}.Release|Any CPU.ActiveCfg = Release|Any CPU
		{3465746E-E278-4F67-86A9-D6A375FCD593}.Release|Any CPU.Build.0 = Release|Any CPU
	EndGlobalSection
	GlobalSection(SolutionProperties) = preSolution
		HideSolutionNode = FALSE
	EndGlobalSection
	GlobalSection(ExtensibilityGlobals) = postSolution
		SolutionGuid = {14E7F2D1-F92C-4D8F-94B2-70E6405AAAB4}
	EndGlobalSection
EndGlobal
